
Microsoft Visual Studio Solution File, Format Version 12.00
# Visual Studio Version 17
VisualStudioVersion = 17.5.33516.290
MinimumVisualStudioVersion = 10.0.40219.1
Project("{FAE04EC0-301F-11D3-BF4B-00C04F79EFBC}") = "Created_AI", "Created_AI.csproj", "{4F1422DF-3778-45F4-AD53-18E53B203746}"
EndProject
Global
	GlobalSection(SolutionConfigurationPlatforms) = preSolution
		Debug|Any CPU = Debug|Any CPU
		Release|Any CPU = Release|Any CPU
	EndGlobalSection
	GlobalSection(ProjectConfigurationPlatforms) = postSolution
		{4F1422DF-3778-45F4-AD53-18E53B203746}.Debug|Any CPU.ActiveCfg = Debug|Any CPU
		{4F1422DF-3778-45F4-AD53-18E53B203746}.Debug|Any CPU.Build.0 = Debug|Any CPU
		{4F1422DF-3778-45F4-AD53-18E53B203746}.Release|Any CPU.ActiveCfg = Release|Any CPU
		{4F1422DF-3778-45F4-AD53-18E53B203746}.Release|Any CPU.Build.0 = Release|Any CPU
	EndGlobalSection
	GlobalSection(SolutionProperties) = preSolution
		HideSolutionNode = FALSE
	EndGlobalSection
	GlobalSection(ExtensibilityGlobals) = postSolution
		SolutionGuid = {D329D203-E85D-47DB-877E-F19F9F997BF0}
	EndGlobalSection
EndGlobal
